
Microsoft Visual Studio Solution File, Format Version 11.00
# Visual Studio 2010
Project("{FAE04EC0-301F-11D3-BF4B-00C04F79EFBC}") = "NumericSequenceWorldNomads", "NumericSequenceWorldNomads\NumericSequenceWorldNomads.csproj", "{1FCFF234-8540-45C1-840D-06CEB4E7CB3B}"
EndProject
Project("{FAE04EC0-301F-11D3-BF4B-00C04F79EFBC}") = "NumericSequenceWorldNomadsTest", "NumericSequenceWorldNomadsTest\NumericSequenceWorldNomadsTest.csproj", "{A488E4AF-7E52-4E5E-8730-FFCC942C21F8}"
EndProject
Project("{2150E333-8FDC-42A3-9474-1A3956D46DE8}") = "Solution Items", "Solution Items", "{88B6DC93-64DF-4824-B064-EED2CDCF3A0A}"
	ProjectSection(SolutionItems) = preProject
		Local.testsettings = Local.testsettings
		NumericSequenceWorldNomads.vsmdi = NumericSequenceWorldNomads.vsmdi
		TraceAndTestImpact.testsettings = TraceAndTestImpact.testsettings
	EndProjectSection
EndProject
Global
	GlobalSection(TestCaseManagementSettings) = postSolution
		CategoryFile = NumericSequenceWorldNomads.vsmdi
	EndGlobalSection
	GlobalSection(SolutionConfigurationPlatforms) = preSolution
		Debug|Any CPU = Debug|Any CPU
		Release|Any CPU = Release|Any CPU
	EndGlobalSection
	GlobalSection(ProjectConfigurationPlatforms) = postSolution
		{1FCFF234-8540-45C1-840D-06CEB4E7CB3B}.Debug|Any CPU.ActiveCfg = Debug|Any CPU
		{1FCFF234-8540-45C1-840D-06CEB4E7CB3B}.Debug|Any CPU.Build.0 = Debug|Any CPU
		{1FCFF234-8540-45C1-840D-06CEB4E7CB3B}.Release|Any CPU.ActiveCfg = Release|Any CPU
		{1FCFF234-8540-45C1-840D-06CEB4E7CB3B}.Release|Any CPU.Build.0 = Release|Any CPU
		{A488E4AF-7E52-4E5E-8730-FFCC942C21F8}.Debug|Any CPU.ActiveCfg = Debug|Any CPU
		{A488E4AF-7E52-4E5E-8730-FFCC942C21F8}.Debug|Any CPU.Build.0 = Debug|Any CPU
		{A488E4AF-7E52-4E5E-8730-FFCC942C21F8}.Release|Any CPU.ActiveCfg = Release|Any CPU
		{A488E4AF-7E52-4E5E-8730-FFCC942C21F8}.Release|Any CPU.Build.0 = Release|Any CPU
	EndGlobalSection
	GlobalSection(SolutionProperties) = preSolution
		HideSolutionNode = FALSE
	EndGlobalSection
	GlobalSection(ExtensibilityGlobals) = postSolution
		EnterpriseLibraryConfigurationToolBinariesPath = packages\Unity.2.1.505.0\lib\NET35
	EndGlobalSection
EndGlobal
